
Microsoft Visual Studio Solution File, Format Version 12.00
# Visual Studio Version 17
VisualStudioVersion = 17.4.33205.214
MinimumVisualStudioVersion = 10.0.40219.1
Project("{FAE04EC0-301F-11D3-BF4B-00C04F79EFBC}") = "Assignment24", "Assignment24.csproj", "{671DEE6F-02F9-4878-9700-453C9A276112}"
EndProject
Global
	GlobalSection(SolutionConfigurationPlatforms) = preSolution
		Debug|Any CPU = Debug|Any CPU
		Release|Any CPU = Release|Any CPU
	EndGlobalSection
	GlobalSection(ProjectConfigurationPlatforms) = postSolution
		{671DEE6F-02F9-4878-9700-453C9A276112}.Debug|Any CPU.ActiveCfg = Debug|Any CPU
		{671DEE6F-02F9-4878-9700-453C9A276112}.Debug|Any CPU.Build.0 = Debug|Any CPU
		{671DEE6F-02F9-4878-9700-453C9A276112}.Release|Any CPU.ActiveCfg = Release|Any CPU
		{671DEE6F-02F9-4878-9700-453C9A276112}.Release|Any CPU.Build.0 = Release|Any CPU
	EndGlobalSection
	GlobalSection(SolutionProperties) = preSolution
		HideSolutionNode = FALSE
	EndGlobalSection
	GlobalSection(ExtensibilityGlobals) = postSolution
		SolutionGuid = {428774B4-7655-4336-8BDA-01C93775EEAA}
	EndGlobalSection
EndGlobal
